
Microsoft Visual Studio Solution File, Format Version 12.00
# Visual Studio Version 17
VisualStudioVersion = 17.10.35027.167
MinimumVisualStudioVersion = 10.0.40219.1
Project("{FAE04EC0-301F-11D3-BF4B-00C04F79EFBC}") = "TicketService", "TicketService\TicketService.csproj", "{5ED91451-59D0-4E9F-A847-34E30C643873}"
EndProject
Project("{FAE04EC0-301F-11D3-BF4B-00C04F79EFBC}") = "ResolutionAndCommentsService", "ResolutionAndCommentsService\ResolutionAndCommentsService.csproj", "{C4324439-F11B-4246-A821-224CE4ECEDDF}"
EndProject
Global
	GlobalSection(SolutionConfigurationPlatforms) = preSolution
		Debug|Any CPU = Debug|Any CPU
		Release|Any CPU = Release|Any CPU
	EndGlobalSection
	GlobalSection(ProjectConfigurationPlatforms) = postSolution
		{5ED91451-59D0-4E9F-A847-34E30C643873}.Debug|Any CPU.ActiveCfg = Debug|Any CPU
		{5ED91451-59D0-4E9F-A847-34E30C643873}.Debug|Any CPU.Build.0 = Debug|Any CPU
		{5ED91451-59D0-4E9F-A847-34E30C643873}.Release|Any CPU.ActiveCfg = Release|Any CPU
		{5ED91451-59D0-4E9F-A847-34E30C643873}.Release|Any CPU.Build.0 = Release|Any CPU
		{C4324439-F11B-4246-A821-224CE4ECEDDF}.Debug|Any CPU.ActiveCfg = Debug|Any CPU
		{C4324439-F11B-4246-A821-224CE4ECEDDF}.Debug|Any CPU.Build.0 = Debug|Any CPU
		{C4324439-F11B-4246-A821-224CE4ECEDDF}.Release|Any CPU.ActiveCfg = Release|Any CPU
		{C4324439-F11B-4246-A821-224CE4ECEDDF}.Release|Any CPU.Build.0 = Release|Any CPU
	EndGlobalSection
	GlobalSection(SolutionProperties) = preSolution
		HideSolutionNode = FALSE
	EndGlobalSection
	GlobalSection(ExtensibilityGlobals) = postSolution
		SolutionGuid = {32517972-835B-452A-B71D-FC7243F4B128}
	EndGlobalSection
EndGlobal
